
Microsoft Visual Studio Solution File, Format Version 12.00
# Visual Studio Version 17
VisualStudioVersion = 17.6.33723.286
MinimumVisualStudioVersion = 10.0.40219.1
Project("{FAE04EC0-301F-11D3-BF4B-00C04F79EFBC}") = "Ponto", "Ponto\Ponto.csproj", "{0134A60D-E727-43CF-91C6-97B158B2671A}"
EndProject
Global
	GlobalSection(SolutionConfigurationPlatforms) = preSolution
		Debug|Any CPU = Debug|Any CPU
		Release|Any CPU = Release|Any CPU
	EndGlobalSection
	GlobalSection(ProjectConfigurationPlatforms) = postSolution
		{0134A60D-E727-43CF-91C6-97B158B2671A}.Debug|Any CPU.ActiveCfg = Debug|Any CPU
		{0134A60D-E727-43CF-91C6-97B158B2671A}.Debug|Any CPU.Build.0 = Debug|Any CPU
		{0134A60D-E727-43CF-91C6-97B158B2671A}.Release|Any CPU.ActiveCfg = Release|Any CPU
		{0134A60D-E727-43CF-91C6-97B158B2671A}.Release|Any CPU.Build.0 = Release|Any CPU
	EndGlobalSection
	GlobalSection(SolutionProperties) = preSolution
		HideSolutionNode = FALSE
	EndGlobalSection
	GlobalSection(ExtensibilityGlobals) = postSolution
		SolutionGuid = {4C65A080-55FB-4885-AF6A-F7284EEBDDCE}
	EndGlobalSection
EndGlobal
